
Microsoft Visual Studio Solution File, Format Version 12.00
# Visual Studio Version 17
VisualStudioVersion = 17.8.34330.188
MinimumVisualStudioVersion = 10.0.40219.1
Project("{9A19103F-16F7-4668-BE54-9A1E7A4F7556}") = "C#", "C#\C#.csproj", "{935E6782-BA1D-448F-83DA-5F5E096AAAD8}"
EndProject
Project("{9A19103F-16F7-4668-BE54-9A1E7A4F7556}") = "Algorithm", "Algorithm\Algorithm.csproj", "{FE3E983B-8C6D-4981-86FD-8ABB003219BE}"
EndProject
Global
	GlobalSection(SolutionConfigurationPlatforms) = preSolution
		Debug|Any CPU = Debug|Any CPU
		Release|Any CPU = Release|Any CPU
	EndGlobalSection
	GlobalSection(ProjectConfigurationPlatforms) = postSolution
		{935E6782-BA1D-448F-83DA-5F5E096AAAD8}.Debug|Any CPU.ActiveCfg = Debug|Any CPU
		{935E6782-BA1D-448F-83DA-5F5E096AAAD8}.Debug|Any CPU.Build.0 = Debug|Any CPU
		{935E6782-BA1D-448F-83DA-5F5E096AAAD8}.Release|Any CPU.ActiveCfg = Release|Any CPU
		{935E6782-BA1D-448F-83DA-5F5E096AAAD8}.Release|Any CPU.Build.0 = Release|Any CPU
		{FE3E983B-8C6D-4981-86FD-8ABB003219BE}.Debug|Any CPU.ActiveCfg = Debug|Any CPU
		{FE3E983B-8C6D-4981-86FD-8ABB003219BE}.Debug|Any CPU.Build.0 = Debug|Any CPU
		{FE3E983B-8C6D-4981-86FD-8ABB003219BE}.Release|Any CPU.ActiveCfg = Release|Any CPU
		{FE3E983B-8C6D-4981-86FD-8ABB003219BE}.Release|Any CPU.Build.0 = Release|Any CPU
	EndGlobalSection
	GlobalSection(SolutionProperties) = preSolution
		HideSolutionNode = FALSE
	EndGlobalSection
	GlobalSection(ExtensibilityGlobals) = postSolution
		SolutionGuid = {C3F387E9-66E3-416C-B0F8-429B4EC7F6DE}
	EndGlobalSection
EndGlobal
